PODS:
  - Alamofire (5.5.0)
  - SDWebImage (5.12.3):
    - SDWebImage/Core (= 5.12.3)
  - SDWebImage/Core (5.12.3)
  - SDWebImageSVGCoder (1.6.1):
    - SDWebImage/Core (~> 5.6)
  - SDWebImageSwiftUI (2.0.2):
    - SDWebImage (~> 5.10)

DEPENDENCIES:
  - Alamofire
  - SDWebImageSVGCoder
  - SDWebImageSwiftUI

SPEC REPOS:
  trunk:
    - Alamofire
    - SDWebImage
    - SDWebImageSVGCoder
    - SDWebImageSwiftUI

SPEC CHECKSUMS:
  Alamofire: 1c4fb5369c3fe93d2857c780d8bbe09f06f97e7c
  SDWebImage: 53179a2dba77246efa8a9b85f5c5b21f8f43e38f
  SDWebImageSVGCoder: 6fc109f9c2a82ab44510fff410b88b1a6c271ee8
  SDWebImageSwiftUI: 8a3923c95108312b03a599ec1498754af55a6819

PODFILE CHECKSUM: 51c0be0c6ef5988d7077a07c86602453715d8e81

COCOAPODS: 1.11.2
