// !$*UTF8*$!
{
	archiveVersion = 1;
	classes = {
	};
	objectVersion = 55;
	objects = {

/* Begin PBXBuildFile section */
		930E9D8227B62BE30027B21B /* InfoPlist.strings in Resources */ = {isa = PBXBuildFile; fileRef = 930E9D8427B62BE30027B21B /* InfoPlist.strings */; };
		931E63EE27B6A52F0056F60D /* BasicTextField.swift in Sources */ = {isa = PBXBuildFile; fileRef = 931E63ED27B6A52F0056F60D /* BasicTextField.swift */; };
		9326AAD227BB59B800B24F95 /* ProfileView.swift in Sources */ = {isa = PBXBuildFile; fileRef = 9326AAD127BB59B800B24F95 /* ProfileView.swift */; };
		9326AAD427BB5C9900B24F95 /* DataState.swift in Sources */ = {isa = PBXBuildFile; fileRef = 9326AAD327BB5C9900B24F95 /* DataState.swift */; };
		9353518827BA558F00A30A4D /* Button.swift in Sources */ = {isa = PBXBuildFile; fileRef = 9353518727BA558F00A30A4D /* Button.swift */; };
		938536F527B52E0700D5A400 /* BaekJoonProfileApp.swift in Sources */ = {isa = PBXBuildFile; fileRef = 938536F427B52E0700D5A400 /* BaekJoonProfileApp.swift */; };
		938536F727B52E0700D5A400 /* ContentView.swift in Sources */ = {isa = PBXBuildFile; fileRef = 938536F627B52E0700D5A400 /* ContentView.swift */; };
		938536F927B52E0900D5A400 /* Assets.xcassets in Resources */ = {isa = PBXBuildFile; fileRef = 938536F827B52E0900D5A400 /* Assets.xcassets */; };
		938536FC27B52E0900D5A400 /* Preview Assets.xcassets in Resources */ = {isa = PBXBuildFile; fileRef = 938536FB27B52E0900D5A400 /* Preview Assets.xcassets */; };
		9389C14427B7C1B700A94E2D /* NetworkError.swift in Sources */ = {isa = PBXBuildFile; fileRef = 9389C14327B7C1B700A94E2D /* NetworkError.swift */; };
		93BD996E27B72ACF00922E96 /* Text.swift in Sources */ = {isa = PBXBuildFile; fileRef = 93BD996D27B72ACF00922E96 /* Text.swift */; };
		93BD997127B72B9700922E96 /* Color.swift in Sources */ = {isa = PBXBuildFile; fileRef = 93BD997027B72B9700922E96 /* Color.swift */; };
		93BD997627B7340100922E96 /* GmarketSansTTFLight.ttf in Resources */ = {isa = PBXBuildFile; fileRef = 93BD997327B7340100922E96 /* GmarketSansTTFLight.ttf */; };
		93BD997727B7340100922E96 /* GmarketSansTTFBold.ttf in Resources */ = {isa = PBXBuildFile; fileRef = 93BD997427B7340100922E96 /* GmarketSansTTFBold.ttf */; };
		93BD997827B7340100922E96 /* GmarketSansTTFMedium.ttf in Resources */ = {isa = PBXBuildFile; fileRef = 93BD997527B7340100922E96 /* GmarketSansTTFMedium.ttf */; };
/* End PBXBuildFile section */

/* Begin PBXFileReference section */
		930E9D8327B62BE30027B21B /* en */ = {isa = PBXFileReference; lastKnownFileType = text.plist.strings; name = en; path = en.lproj/InfoPlist.strings; sourceTree = "<group>"; };
		930E9D8527B62BE60027B21B /* ko */ = {isa = PBXFileReference; lastKnownFileType = text.plist.strings; name = ko; path = ko.lproj/InfoPlist.strings; sourceTree = "<group>"; };
		931E63EB27B69BF90056F60D /* Info.plist */ = {isa = PBXFileReference; lastKnownFileType = text.plist; path = Info.plist; sourceTree = "<group>"; };
		931E63ED27B6A52F0056F60D /* BasicTextField.swift */ = {isa = PBXFileReference; lastKnownFileType = sourcecode.swift; path = BasicTextField.swift; sourceTree = "<group>"; };
		9326AAD127BB59B800B24F95 /* ProfileView.swift */ = {isa = PBXFileReference; lastKnownFileType = sourcecode.swift; path = ProfileView.swift; sourceTree = "<group>"; };
		9326AAD327BB5C9900B24F95 /* DataState.swift */ = {isa = PBXFileReference; lastKnownFileType = sourcecode.swift; path = DataState.swift; sourceTree = "<group>"; };
		9353518727BA558F00A30A4D /* Button.swift */ = {isa = PBXFileReference; lastKnownFileType = sourcecode.swift; path = Button.swift; sourceTree = "<group>"; };
		938536F127B52E0700D5A400 /* BaekJoonProfile.app */ = {isa = PBXFileReference; explicitFileType = wrapper.application; includeInIndex = 0; path = BaekJoonProfile.app; sourceTree = BUILT_PRODUCTS_DIR; };
		938536F427B52E0700D5A400 /* BaekJoonProfileApp.swift */ = {isa = PBXFileReference; lastKnownFileType = sourcecode.swift; path = BaekJoonProfileApp.swift; sourceTree = "<group>"; };
		938536F627B52E0700D5A400 /* ContentView.swift */ = {isa = PBXFileReference; lastKnownFileType = sourcecode.swift; path = ContentView.swift; sourceTree = "<group>"; };
		938536F827B52E0900D5A400 /* Assets.xcassets */ = {isa = PBXFileReference; lastKnownFileType = folder.assetcatalog; path = Assets.xcassets; sourceTree = "<group>"; };
		938536FB27B52E0900D5A400 /* Preview Assets.xcassets */ = {isa = PBXFileReference; lastKnownFileType = folder.assetcatalog; path = "Preview Assets.xcassets"; sourceTree = "<group>"; };
		9389C14327B7C1B700A94E2D /* NetworkError.swift */ = {isa = PBXFileReference; lastKnownFileType = sourcecode.swift; path = NetworkError.swift; sourceTree = "<group>"; };
		93BD996D27B72ACF00922E96 /* Text.swift */ = {isa = PBXFileReference; lastKnownFileType = sourcecode.swift; path = Text.swift; sourceTree = "<group>"; };
		93BD997027B72B9700922E96 /* Color.swift */ = {isa = PBXFileReference; lastKnownFileType = sourcecode.swift; path = Color.swift; sourceTree = "<group>"; };
		93BD997327B7340100922E96 /* GmarketSansTTFLight.ttf */ = {isa = PBXFileReference; lastKnownFileType = file; name = GmarketSansTTFLight.ttf; path = font/GmarketSansTTFLight.ttf; sourceTree = SOURCE_ROOT; };
		93BD997427B7340100922E96 /* GmarketSansTTFBold.ttf */ = {isa = PBXFileReference; lastKnownFileType = file; name = GmarketSansTTFBold.ttf; path = font/GmarketSansTTFBold.ttf; sourceTree = SOURCE_ROOT; };
		93BD997527B7340100922E96 /* GmarketSansTTFMedium.ttf */ = {isa = PBXFileReference; lastKnownFileType = file; name = GmarketSansTTFMedium.ttf; path = font/GmarketSansTTFMedium.ttf; sourceTree = SOURCE_ROOT; };
/* End PBXFileReference section */

/* Begin PBXFrameworksBuildPhase section */
		938536EE27B52E0700D5A400 /* Frameworks */ = {
			isa = PBXFrameworksBuildPhase;
			buildActionMask = 2147483647;
			files = (
			);
			runOnlyForDeploymentPostprocessing = 0;
		};
/* End PBXFrameworksBuildPhase section */

/* Begin PBXGroup section */
		931E63E427B69AB20056F60D /* font */ = {
			isa = PBXGroup;
			children = (
				93BD997427B7340100922E96 /* GmarketSansTTFBold.ttf */,
				93BD997327B7340100922E96 /* GmarketSansTTFLight.ttf */,
				93BD997527B7340100922E96 /* GmarketSansTTFMedium.ttf */,
			);
			name = font;
			path = "래ㅜㅅ";
			sourceTree = "<group>";
		};
		931E63EC27B6A51B0056F60D /* View */ = {
			isa = PBXGroup;
			children = (
				938536F627B52E0700D5A400 /* ContentView.swift */,
				931E63ED27B6A52F0056F60D /* BasicTextField.swift */,
				93BD996D27B72ACF00922E96 /* Text.swift */,
				9353518727BA558F00A30A4D /* Button.swift */,
				9326AAD127BB59B800B24F95 /* ProfileView.swift */,
			);
			path = View;
			sourceTree = "<group>";
		};
		938536E827B52E0700D5A400 = {
			isa = PBXGroup;
			children = (
				931E63E427B69AB20056F60D /* font */,
				930E9D8427B62BE30027B21B /* InfoPlist.strings */,
				938536F327B52E0700D5A400 /* BaekJoonProfile */,
				938536F227B52E0700D5A400 /* Products */,
			);
			sourceTree = "<group>";
		};
		938536F227B52E0700D5A400 /* Products */ = {
			isa = PBXGroup;
			children = (
				938536F127B52E0700D5A400 /* BaekJoonProfile.app */,
			);
			name = Products;
			sourceTree = "<group>";
		};
		938536F327B52E0700D5A400 /* BaekJoonProfile */ = {
			isa = PBXGroup;
			children = (
				9389C14227B7C1A400A94E2D /* Model */,
				93BD997227B72C3E00922E96 /* ViewModel */,
				93BD996F27B72B8B00922E96 /* Color */,
				931E63EC27B6A51B0056F60D /* View */,
				931E63EB27B69BF90056F60D /* Info.plist */,
				938536F427B52E0700D5A400 /* BaekJoonProfileApp.swift */,
				938536F827B52E0900D5A400 /* Assets.xcassets */,
				938536FA27B52E0900D5A400 /* Preview Content */,
			);
			path = BaekJoonProfile;
			sourceTree = "<group>";
		};
		938536FA27B52E0900D5A400 /* Preview Content */ = {
			isa = PBXGroup;
			children = (
				938536FB27B52E0900D5A400 /* Preview Assets.xcassets */,
			);
			path = "Preview Content";
			sourceTree = "<group>";
		};
		9389C14227B7C1A400A94E2D /* Model */ = {
			isa = PBXGroup;
			children = (
				9389C14327B7C1B700A94E2D /* NetworkError.swift */,
				9326AAD327BB5C9900B24F95 /* DataState.swift */,
			);
			path = Model;
			sourceTree = "<group>";
		};
		93BD996F27B72B8B00922E96 /* Color */ = {
			isa = PBXGroup;
			children = (
				93BD997027B72B9700922E96 /* Color.swift */,
			);
			path = Color;
			sourceTree = "<group>";
		};
		93BD997227B72C3E00922E96 /* ViewModel */ = {
			isa = PBXGroup;
			children = (
			);
			path = ViewModel;
			sourceTree = "<group>";
		};
/* End PBXGroup section */

/* Begin PBXNativeTarget section */
		938536F027B52E0700D5A400 /* BaekJoonProfile */ = {
			isa = PBXNativeTarget;
			buildConfigurationList = 938536FF27B52E0900D5A400 /* Build configuration list for PBXNativeTarget "BaekJoonProfile" */;
			buildPhases = (
				938536ED27B52E0700D5A400 /* Sources */,
				938536EE27B52E0700D5A400 /* Frameworks */,
				938536EF27B52E0700D5A400 /* Resources */,
			);
			buildRules = (
			);
			dependencies = (
			);
			name = BaekJoonProfile;
			productName = BaekJoonProfile;
			productReference = 938536F127B52E0700D5A400 /* BaekJoonProfile.app */;
			productType = "com.apple.product-type.application";
		};
/* End PBXNativeTarget section */

/* Begin PBXProject section */
		938536E927B52E0700D5A400 /* Project object */ = {
			isa = PBXProject;
			attributes = {
				BuildIndependentTargetsInParallel = 1;
				LastSwiftUpdateCheck = 1320;
				LastUpgradeCheck = 1320;
				TargetAttributes = {
					938536F027B52E0700D5A400 = {
						CreatedOnToolsVersion = 13.2.1;
					};
				};
			};
			buildConfigurationList = 938536EC27B52E0700D5A400 /* Build configuration list for PBXProject "BaekJoonProfile" */;
			compatibilityVersion = "Xcode 13.0";
			developmentRegion = en;
			hasScannedForEncodings = 0;
			knownRegions = (
				en,
				Base,
				ko,
			);
			mainGroup = 938536E827B52E0700D5A400;
			productRefGroup = 938536F227B52E0700D5A400 /* Products */;
			projectDirPath = "";
			projectRoot = "";
			targets = (
				938536F027B52E0700D5A400 /* BaekJoonProfile */,
			);
		};
/* End PBXProject section */

/* Begin PBXResourcesBuildPhase section */
		938536EF27B52E0700D5A400 /* Resources */ = {
			isa = PBXResourcesBuildPhase;
			buildActionMask = 2147483647;
			files = (
				938536FC27B52E0900D5A400 /* Preview Assets.xcassets in Resources */,
				93BD997627B7340100922E96 /* GmarketSansTTFLight.ttf in Resources */,
				930E9D8227B62BE30027B21B /* InfoPlist.strings in Resources */,
				938536F927B52E0900D5A400 /* Assets.xcassets in Resources */,
				93BD997727B7340100922E96 /* GmarketSansTTFBold.ttf in Resources */,
				93BD997827B7340100922E96 /* GmarketSansTTFMedium.ttf in Resources */,
			);
			runOnlyForDeploymentPostprocessing = 0;
		};
/* End PBXResourcesBuildPhase section */

/* Begin PBXSourcesBuildPhase section */
		938536ED27B52E0700D5A400 /* Sources */ = {
			isa = PBXSourcesBuildPhase;
			buildActionMask = 2147483647;
			files = (
				9326AAD227BB59B800B24F95 /* ProfileView.swift in Sources */,
				9353518827BA558F00A30A4D /* Button.swift in Sources */,
				931E63EE27B6A52F0056F60D /* BasicTextField.swift in Sources */,
				9326AAD427BB5C9900B24F95 /* DataState.swift in Sources */,
				938536F727B52E0700D5A400 /* ContentView.swift in Sources */,
				93BD996E27B72ACF00922E96 /* Text.swift in Sources */,
				9389C14427B7C1B700A94E2D /* NetworkError.swift in Sources */,
				93BD997127B72B9700922E96 /* Color.swift in Sources */,
				938536F527B52E0700D5A400 /* BaekJoonProfileApp.swift in Sources */,
			);
			runOnlyForDeploymentPostprocessing = 0;
		};
/* End PBXSourcesBuildPhase section */

/* Begin PBXVariantGroup section */
		930E9D8427B62BE30027B21B /* InfoPlist.strings */ = {
			isa = PBXVariantGroup;
			children = (
				930E9D8327B62BE30027B21B /* en */,
				930E9D8527B62BE60027B21B /* ko */,
			);
			name = InfoPlist.strings;
			sourceTree = "<group>";
		};
/* End PBXVariantGroup section */

/* Begin XCBuildConfiguration section */
		938536FD27B52E0900D5A400 /* Debug */ = {
			isa = XCBuildConfiguration;
			buildSettings = {
				ALWAYS_SEARCH_USER_PATHS = NO;
				CLANG_ANALYZER_NONNULL = YES;
				CLANG_ANALYZER_NUMBER_OBJECT_CONVERSION = YES_AGGRESSIVE;
				CLANG_CXX_LANGUAGE_STANDARD = "gnu++17";
				CLANG_CXX_LIBRARY = "libc++";
				CLANG_ENABLE_MODULES = YES;
				CLANG_ENABLE_OBJC_ARC = YES;
				CLANG_ENABLE_OBJC_WEAK = YES;
				CLANG_WARN_BLOCK_CAPTURE_AUTORELEASING = YES;
				CLANG_WARN_BOOL_CONVERSION = YES;
				CLANG_WARN_COMMA = YES;
				CLANG_WARN_CONSTANT_CONVERSION = YES;
				CLANG_WARN_DEPRECATED_OBJC_IMPLEMENTATIONS = YES;
				CLANG_WARN_DIRECT_OBJC_ISA_USAGE = YES_ERROR;
				CLANG_WARN_DOCUMENTATION_COMMENTS = YES;
				CLANG_WARN_EMPTY_BODY = YES;
				CLANG_WARN_ENUM_CONVERSION = YES;
				CLANG_WARN_INFINITE_RECURSION = YES;
				CLANG_WARN_INT_CONVERSION = YES;
				CLANG_WARN_NON_LITERAL_NULL_CONVERSION = YES;
				CLANG_WARN_OBJC_IMPLICIT_RETAIN_SELF = YES;
				CLANG_WARN_OBJC_LITERAL_CONVERSION = YES;
				CLANG_WARN_OBJC_ROOT_CLASS = YES_ERROR;
				CLANG_WARN_QUOTED_INCLUDE_IN_FRAMEWORK_HEADER = YES;
				CLANG_WARN_RANGE_LOOP_ANALYSIS = YES;
				CLANG_WARN_STRICT_PROTOTYPES = YES;
				CLANG_WARN_SUSPICIOUS_MOVE = YES;
				CLANG_WARN_UNGUARDED_AVAILABILITY = YES_AGGRESSIVE;
				CLANG_WARN_UNREACHABLE_CODE = YES;
				CLANG_WARN__DUPLICATE_METHOD_MATCH = YES;
				COPY_PHASE_STRIP = NO;
				DEBUG_INFORMATION_FORMAT = dwarf;
				ENABLE_STRICT_OBJC_MSGSEND = YES;
				ENABLE_TESTABILITY = YES;
				GCC_C_LANGUAGE_STANDARD = gnu11;
				GCC_DYNAMIC_NO_PIC = NO;
				GCC_NO_COMMON_BLOCKS = YES;
				GCC_OPTIMIZATION_LEVEL = 0;
				GCC_PREPROCESSOR_DEFINITIONS = (
					"DEBUG=1",
					"$(inherited)",
				);
				GCC_WARN_64_TO_32_BIT_CONVERSION = YES;
				GCC_WARN_ABOUT_RETURN_TYPE = YES_ERROR;
				GCC_WARN_UNDECLARED_SELECTOR = YES;
				GCC_WARN_UNINITIALIZED_AUTOS = YES_AGGRESSIVE;
				GCC_WARN_UNUSED_FUNCTION = YES;
				GCC_WARN_UNUSED_VARIABLE = YES;
				IPHONEOS_DEPLOYMENT_TARGET = 13.0;
				MTL_ENABLE_DEBUG_INFO = INCLUDE_SOURCE;
				MTL_FAST_MATH = YES;
				ONLY_ACTIVE_ARCH = YES;
				SDKROOT = iphoneos;
				SWIFT_ACTIVE_COMPILATION_CONDITIONS = DEBUG;
				SWIFT_OPTIMIZATION_LEVEL = "-Onone";
			};
			name = Debug;
		};
		938536FE27B52E0900D5A400 /* Release */ = {
			isa = XCBuildConfiguration;
			buildSettings = {
				ALWAYS_SEARCH_USER_PATHS = NO;
				CLANG_ANALYZER_NONNULL = YES;
				CLANG_ANALYZER_NUMBER_OBJECT_CONVERSION = YES_AGGRESSIVE;
				CLANG_CXX_LANGUAGE_STANDARD = "gnu++17";
				CLANG_CXX_LIBRARY = "libc++";
				CLANG_ENABLE_MODULES = YES;
				CLANG_ENABLE_OBJC_ARC = YES;
				CLANG_ENABLE_OBJC_WEAK = YES;
				CLANG_WARN_BLOCK_CAPTURE_AUTORELEASING = YES;
				CLANG_WARN_BOOL_CONVERSION = YES;
				CLANG_WARN_COMMA = YES;
				CLANG_WARN_CONSTANT_CONVERSION = YES;
				CLANG_WARN_DEPRECATED_OBJC_IMPLEMENTATIONS = YES;
				CLANG_WARN_DIRECT_OBJC_ISA_USAGE = YES_ERROR;
				CLANG_WARN_DOCUMENTATION_COMMENTS = YES;
				CLANG_WARN_EMPTY_BODY = YES;
				CLANG_WARN_ENUM_CONVERSION = YES;
				CLANG_WARN_INFINITE_RECURSION = YES;
				CLANG_WARN_INT_CONVERSION = YES;
				CLANG_WARN_NON_LITERAL_NULL_CONVERSION = YES;
				CLANG_WARN_OBJC_IMPLICIT_RETAIN_SELF = YES;
				CLANG_WARN_OBJC_LITERAL_CONVERSION = YES;
				CLANG_WARN_OBJC_ROOT_CLASS = YES_ERROR;
				CLANG_WARN_QUOTED_INCLUDE_IN_FRAMEWORK_HEADER = YES;
				CLANG_WARN_RANGE_LOOP_ANALYSIS = YES;
				CLANG_WARN_STRICT_PROTOTYPES = YES;
				CLANG_WARN_SUSPICIOUS_MOVE = YES;
				CLANG_WARN_UNGUARDED_AVAILABILITY = YES_AGGRESSIVE;
				CLANG_WARN_UNREACHABLE_CODE = YES;
				CLANG_WARN__DUPLICATE_METHOD_MATCH = YES;
				COPY_PHASE_STRIP = NO;
				DEBUG_INFORMATION_FORMAT = "dwarf-with-dsym";
				ENABLE_NS_ASSERTIONS = NO;
				ENABLE_STRICT_OBJC_MSGSEND = YES;
				GCC_C_LANGUAGE_STANDARD = gnu11;
				GCC_NO_COMMON_BLOCKS = YES;
				GCC_WARN_64_TO_32_BIT_CONVERSION = YES;
				GCC_WARN_ABOUT_RETURN_TYPE = YES_ERROR;
				GCC_WARN_UNDECLARED_SELECTOR = YES;
				GCC_WARN_UNINITIALIZED_AUTOS = YES_AGGRESSIVE;
				GCC_WARN_UNUSED_FUNCTION = YES;
				GCC_WARN_UNUSED_VARIABLE = YES;
				IPHONEOS_DEPLOYMENT_TARGET = 13.0;
				MTL_ENABLE_DEBUG_INFO = NO;
				MTL_FAST_MATH = YES;
				SDKROOT = iphoneos;
				SWIFT_COMPILATION_MODE = wholemodule;
				SWIFT_OPTIMIZATION_LEVEL = "-O";
				VALIDATE_PRODUCT = YES;
			};
			name = Release;
		};
		9385370027B52E0900D5A400 /* Debug */ = {
			isa = XCBuildConfiguration;
			buildSettings = {
				ASSETCATALOG_COMPILER_APPICON_NAME = AppIcon;
				ASSETCATALOG_COMPILER_GLOBAL_ACCENT_COLOR_NAME = AccentColor;
				CODE_SIGN_STYLE = Automatic;
				CURRENT_PROJECT_VERSION = 1;
				DEVELOPMENT_ASSET_PATHS = "\"BaekJoonProfile/Preview Content\"";
				DEVELOPMENT_TEAM = 44RS35G3C5;
				ENABLE_PREVIEWS = YES;
				GENERATE_INFOPLIST_FILE = YES;
				INFOPLIST_FILE = BaekJoonProfile/Info.plist;
				INFOPLIST_KEY_UIApplicationSceneManifest_Generation = YES;
				INFOPLIST_KEY_UIApplicationSupportsIndirectInputEvents = YES;
				INFOPLIST_KEY_UILaunchScreen_Generation = YES;
				INFOPLIST_KEY_UISupportedInterfaceOrientations_iPad = "UIInterfaceOrientationPortrait UIInterfaceOrientationPortraitUpsideDown UIInterfaceOrientationLandscapeLeft UIInterfaceOrientationLandscapeRight";
				INFOPLIST_KEY_UISupportedInterfaceOrientations_iPhone = "UIInterfaceOrientationPortrait UIInterfaceOrientationLandscapeLeft UIInterfaceOrientationLandscapeRight";
				IPHONEOS_DEPLOYMENT_TARGET = 14.0;
				LD_RUNPATH_SEARCH_PATHS = (
					"$(inherited)",
					"@executable_path/Frameworks",
				);
				MARKETING_VERSION = 1.0;
				PRODUCT_BUNDLE_IDENTIFIER = per.JongHo.BaekJoonProfile;
				PRODUCT_NAME = "$(TARGET_NAME)";
				SWIFT_EMIT_LOC_STRINGS = YES;
				SWIFT_VERSION = 5.0;
				TARGETED_DEVICE_FAMILY = "1,2";
			};
			name = Debug;
		};
		9385370127B52E0900D5A400 /* Release */ = {
			isa = XCBuildConfiguration;
			buildSettings = {
				ASSETCATALOG_COMPILER_APPICON_NAME = AppIcon;
				ASSETCATALOG_COMPILER_GLOBAL_ACCENT_COLOR_NAME = AccentColor;
				CODE_SIGN_STYLE = Automatic;
				CURRENT_PROJECT_VERSION = 1;
				DEVELOPMENT_ASSET_PATHS = "\"BaekJoonProfile/Preview Content\"";
				DEVELOPMENT_TEAM = 44RS35G3C5;
				ENABLE_PREVIEWS = YES;
				GENERATE_INFOPLIST_FILE = YES;
				INFOPLIST_FILE = BaekJoonProfile/Info.plist;
				INFOPLIST_KEY_UIApplicationSceneManifest_Generation = YES;
				INFOPLIST_KEY_UIApplicationSupportsIndirectInputEvents = YES;
				INFOPLIST_KEY_UILaunchScreen_Generation = YES;
				INFOPLIST_KEY_UISupportedInterfaceOrientations_iPad = "UIInterfaceOrientationPortrait UIInterfaceOrientationPortraitUpsideDown UIInterfaceOrientationLandscapeLeft UIInterfaceOrientationLandscapeRight";
				INFOPLIST_KEY_UISupportedInterfaceOrientations_iPhone = "UIInterfaceOrientationPortrait UIInterfaceOrientationLandscapeLeft UIInterfaceOrientationLandscapeRight";
				IPHONEOS_DEPLOYMENT_TARGET = 14.0;
				LD_RUNPATH_SEARCH_PATHS = (
					"$(inherited)",
					"@executable_path/Frameworks",
				);
				MARKETING_VERSION = 1.0;
				PRODUCT_BUNDLE_IDENTIFIER = per.JongHo.BaekJoonProfile;
				PRODUCT_NAME = "$(TARGET_NAME)";
				SWIFT_EMIT_LOC_STRINGS = YES;
				SWIFT_VERSION = 5.0;
				TARGETED_DEVICE_FAMILY = "1,2";
			};
			name = Release;
		};
/* End XCBuildConfiguration section */

/* Begin XCConfigurationList section */
		938536EC27B52E0700D5A400 /* Build configuration list for PBXProject "BaekJoonProfile" */ = {
			isa = XCConfigurationList;
			buildConfigurations = (
				938536FD27B52E0900D5A400 /* Debug */,
				938536FE27B52E0900D5A400 /* Release */,
			);
			defaultConfigurationIsVisible = 0;
			defaultConfigurationName = Release;
		};
		938536FF27B52E0900D5A400 /* Build configuration list for PBXNativeTarget "BaekJoonProfile" */ = {
			isa = XCConfigurationList;
			buildConfigurations = (
				9385370027B52E0900D5A400 /* Debug */,
				9385370127B52E0900D5A400 /* Release */,
			);
			defaultConfigurationIsVisible = 0;
			defaultConfigurationName = Release;
		};
/* End XCConfigurationList section */
	};
	rootObject = 938536E927B52E0700D5A400 /* Project object */;
}
